
Microsoft Visual Studio Solution File, Format Version 12.00
# Visual Studio Version 16
VisualStudioVersion = 16.0.32126.315
MinimumVisualStudioVersion = 10.0.40219.1
Project("{FAE04EC0-301F-11D3-BF4B-00C04F79EFBC}") = "BTLWEB2", "BTLWEB2\BTLWEB2.csproj", "{6116945D-E5C4-4AFE-9450-DACD092633D1}"
EndProject
Global
	GlobalSection(SolutionConfigurationPlatforms) = preSolution
		Debug|Any CPU = Debug|Any CPU
		Release|Any CPU = Release|Any CPU
	EndGlobalSection
	GlobalSection(ProjectConfigurationPlatforms) = postSolution
		{6116945D-E5C4-4AFE-9450-DACD092633D1}.Debug|Any CPU.ActiveCfg = Debug|Any CPU
		{6116945D-E5C4-4AFE-9450-DACD092633D1}.Debug|Any CPU.Build.0 = Debug|Any CPU
		{6116945D-E5C4-4AFE-9450-DACD092633D1}.Release|Any CPU.ActiveCfg = Release|Any CPU
		{6116945D-E5C4-4AFE-9450-DACD092633D1}.Release|Any CPU.Build.0 = Release|Any CPU
	EndGlobalSection
	GlobalSection(SolutionProperties) = preSolution
		HideSolutionNode = FALSE
	EndGlobalSection
	GlobalSection(ExtensibilityGlobals) = postSolution
		SolutionGuid = {783A0F57-90BE-4EB4-9D27-E9A0A464147C}
	EndGlobalSection
EndGlobal
